// !$*UTF8*$!
{
	archiveVersion = 1;
	classes = {
	};
	objectVersion = 50;
	objects = {

/* Begin PBXBuildFile section */
		B0A6EAA82418B34600D6A7C0 /* AppDelegate.m in Sources */ = {isa = PBXBuildFile; fileRef = B0A6EAA72418B34600D6A7C0 /* AppDelegate.m */; };
		B0A6EAAB2418B34600D6A7C0 /* SceneDelegate.m in Sources */ = {isa = PBXBuildFile; fileRef = B0A6EAAA2418B34600D6A7C0 /* SceneDelegate.m */; };
		B0A6EAAE2418B34600D6A7C0 /* ViewController.m in Sources */ = {isa = PBXBuildFile; fileRef = B0A6EAAD2418B34600D6A7C0 /* ViewController.m */; };
		B0A6EAB12418B34600D6A7C0 /* Main.storyboard in Resources */ = {isa = PBXBuildFile; fileRef = B0A6EAAF2418B34600D6A7C0 /* Main.storyboard */; };
		B0A6EAB32418B34B00D6A7C0 /* Assets.xcassets in Resources */ = {isa = PBXBuildFile; fileRef = B0A6EAB22418B34B00D6A7C0 /* Assets.xcassets */; };
		B0A6EAB62418B34B00D6A7C0 /* LaunchScreen.storyboard in Resources */ = {isa = PBXBuildFile; fileRef = B0A6EAB42418B34B00D6A7C0 /* LaunchScreen.storyboard */; };
		B0A6EAB92418B34B00D6A7C0 /* main.m in Sources */ = {isa = PBXBuildFile; fileRef = B0A6EAB82418B34B00D6A7C0 /* main.m */; };
		B0A6EAC32418B34B00D6A7C0 /* AdTests.m in Sources */ = {isa = PBXBuildFile; fileRef = B0A6EAC22418B34B00D6A7C0 /* AdTests.m */; };
		B0A6EACE2418B34B00D6A7C0 /* AdUITests.m in Sources */ = {isa = PBXBuildFile; fileRef = B0A6EACD2418B34B00D6A7C0 /* AdUITests.m */; };
/* End PBXBuildFile section */

/* Begin PBXContainerItemProxy section */
		B0A6EABF2418B34B00D6A7C0 /* PBXContainerItemProxy */ = {
			isa = PBXContainerItemProxy;
			containerPortal = B0A6EA9B2418B34600D6A7C0 /* Project object */;
			proxyType = 1;
			remoteGlobalIDString = B0A6EAA22418B34600D6A7C0;
			remoteInfo = Ad;
		};
		B0A6EACA2418B34B00D6A7C0 /* PBXContainerItemProxy */ = {
			isa = PBXContainerItemProxy;
			containerPortal = B0A6EA9B2418B34600D6A7C0 /* Project object */;
			proxyType = 1;
			remoteGlobalIDString = B0A6EAA22418B34600D6A7C0;
			remoteInfo = Ad;
		};
/* End PBXContainerItemProxy section */

/* Begin PBXFileReference section */
		B0A6EAA32418B34600D6A7C0 /* Ad.app */ = {isa = PBXFileReference; explicitFileType = wrapper.application; includeInIndex = 0; path = Ad.app; sourceTree = BUILT_PRODUCTS_DIR; };
		B0A6EAA62418B34600D6A7C0 /* AppDelegate.h */ = {isa = PBXFileReference; lastKnownFileType = sourcecode.c.h; path = AppDelegate.h; sourceTree = "<group>"; };
		B0A6EAA72418B34600D6A7C0 /* AppDelegate.m */ = {isa = PBXFileReference; lastKnownFileType = sourcecode.c.objc; path = AppDelegate.m; sourceTree = "<group>"; };
		B0A6EAA92418B34600D6A7C0 /* SceneDelegate.h */ = {isa = PBXFileReference; lastKnownFileType = sourcecode.c.h; path = SceneDelegate.h; sourceTree = "<group>"; };
		B0A6EAAA2418B34600D6A7C0 /* SceneDelegate.m */ = {isa = PBXFileReference; lastKnownFileType = sourcecode.c.objc; path = SceneDelegate.m; sourceTree = "<group>"; };
		B0A6EAAC2418B34600D6A7C0 /* ViewController.h */ = {isa = PBXFileReference; lastKnownFileType = sourcecode.c.h; path = ViewController.h; sourceTree = "<group>"; };
		B0A6EAAD2418B34600D6A7C0 /* ViewController.m */ = {isa = PBXFileReference; lastKnownFileType = sourcecode.c.objc; path = ViewController.m; sourceTree = "<group>"; };
		B0A6EAB02418B34600D6A7C0 /* Base */ = {isa = PBXFileReference; lastKnownFileType = file.storyboard; name = Base; path = Base.lproj/Main.storyboard; sourceTree = "<group>"; };
		B0A6EAB22418B34B00D6A7C0 /* Assets.xcassets */ = {isa = PBXFileReference; lastKnownFileType = folder.assetcatalog; path = Assets.xcassets; sourceTree = "<group>"; };
		B0A6EAB52418B34B00D6A7C0 /* Base */ = {isa = PBXFileReference; lastKnownFileType = file.storyboard; name = Base; path = Base.lproj/LaunchScreen.storyboard; sourceTree = "<group>"; };
		B0A6EAB72418B34B00D6A7C0 /* Info.plist */ = {isa = PBXFileReference; lastKnownFileType = text.plist.xml; path = Info.plist; sourceTree = "<group>"; };
		B0A6EAB82418B34B00D6A7C0 /* main.m */ = {isa = PBXFileReference; lastKnownFileType = sourcecode.c.objc; path = main.m; sourceTree = "<group>"; };
		B0A6EABE2418B34B00D6A7C0 /* AdTests.xctest */ = {isa = PBXFileReference; explicitFileType = wrapper.cfbundle; includeInIndex = 0; path = AdTests.xctest; sourceTree = BUILT_PRODUCTS_DIR; };
		B0A6EAC22418B34B00D6A7C0 /* AdTests.m */ = {isa = PBXFileReference; lastKnownFileType = sourcecode.c.objc; path = AdTests.m; sourceTree = "<group>"; };
		B0A6EAC42418B34B00D6A7C0 /* Info.plist */ = {isa = PBXFileReference; lastKnownFileType = text.plist.xml; path = Info.plist; sourceTree = "<group>"; };
		B0A6EAC92418B34B00D6A7C0 /* AdUITests.xctest */ = {isa = PBXFileReference; explicitFileType = wrapper.cfbundle; includeInIndex = 0; path = AdUITests.xctest; sourceTree = BUILT_PRODUCTS_DIR; };
		B0A6EACD2418B34B00D6A7C0 /* AdUITests.m */ = {isa = PBXFileReference; lastKnownFileType = sourcecode.c.objc; path = AdUITests.m; sourceTree = "<group>"; };
		B0A6EACF2418B34B00D6A7C0 /* Info.plist */ = {isa = PBXFileReference; lastKnownFileType = text.plist.xml; path = Info.plist; sourceTree = "<group>"; };
/* End PBXFileReference section */

/* Begin PBXFrameworksBuildPhase section */
		B0A6EAA02418B34600D6A7C0 /* Frameworks */ = {
			isa = PBXFrameworksBuildPhase;
			buildActionMask = 2147483647;
			files = (
			);
			runOnlyForDeploymentPostprocessing = 0;
		};
		B0A6EABB2418B34B00D6A7C0 /* Frameworks */ = {
			isa = PBXFrameworksBuildPhase;
			buildActionMask = 2147483647;
			files = (
			);
			runOnlyForDeploymentPostprocessing = 0;
		};
		B0A6EAC62418B34B00D6A7C0 /* Frameworks */ = {
			isa = PBXFrameworksBuildPhase;
			buildActionMask = 2147483647;
			files = (
			);
			runOnlyForDeploymentPostprocessing = 0;
		};
/* End PBXFrameworksBuildPhase section */

/* Begin PBXGroup section */
		B0A6EA9A2418B34600D6A7C0 = {
			isa = PBXGroup;
			children = (
				B0A6EAA52418B34600D6A7C0 /* Ad */,
				B0A6EAC12418B34B00D6A7C0 /* AdTests */,
				B0A6EACC2418B34B00D6A7C0 /* AdUITests */,
				B0A6EAA42418B34600D6A7C0 /* Products */,
			);
			sourceTree = "<group>";
		};
		B0A6EAA42418B34600D6A7C0 /* Products */ = {
			isa = PBXGroup;
			children = (
				B0A6EAA32418B34600D6A7C0 /* Ad.app */,
				B0A6EABE2418B34B00D6A7C0 /* AdTests.xctest */,
				B0A6EAC92418B34B00D6A7C0 /* AdUITests.xctest */,
			);
			name = Products;
			sourceTree = "<group>";
		};
		B0A6EAA52418B34600D6A7C0 /* Ad */ = {
			isa = PBXGroup;
			children = (
				B0A6EAA62418B34600D6A7C0 /* AppDelegate.h */,
				B0A6EAA72418B34600D6A7C0 /* AppDelegate.m */,
				B0A6EAA92418B34600D6A7C0 /* SceneDelegate.h */,
				B0A6EAAA2418B34600D6A7C0 /* SceneDelegate.m */,
				B0A6EAAC2418B34600D6A7C0 /* ViewController.h */,
				B0A6EAAD2418B34600D6A7C0 /* ViewController.m */,
				B0A6EAAF2418B34600D6A7C0 /* Main.storyboard */,
				B0A6EAB22418B34B00D6A7C0 /* Assets.xcassets */,
				B0A6EAB42418B34B00D6A7C0 /* LaunchScreen.storyboard */,
				B0A6EAB72418B34B00D6A7C0 /* Info.plist */,
				B0A6EAB82418B34B00D6A7C0 /* main.m */,
			);
			path = Ad;
			sourceTree = "<group>";
		};
		B0A6EAC12418B34B00D6A7C0 /* AdTests */ = {
			isa = PBXGroup;
			children = (
				B0A6EAC22418B34B00D6A7C0 /* AdTests.m */,
				B0A6EAC42418B34B00D6A7C0 /* Info.plist */,
			);
			path = AdTests;
			sourceTree = "<group>";
		};
		B0A6EACC2418B34B00D6A7C0 /* AdUITests */ = {
			isa = PBXGroup;
			children = (
				B0A6EACD2418B34B00D6A7C0 /* AdUITests.m */,
				B0A6EACF2418B34B00D6A7C0 /* Info.plist */,
			);
			path = AdUITests;
			sourceTree = "<group>";
		};
/* End PBXGroup section */

/* Begin PBXNativeTarget section */
		B0A6EAA22418B34600D6A7C0 /* Ad */ = {
			isa = PBXNativeTarget;
			buildConfigurationList = B0A6EAD22418B34B00D6A7C0 /* Build configuration list for PBXNativeTarget "Ad" */;
			buildPhases = (
				B0A6EA9F2418B34600D6A7C0 /* Sources */,
				B0A6EAA02418B34600D6A7C0 /* Frameworks */,
				B0A6EAA12418B34600D6A7C0 /* Resources */,
			);
			buildRules = (
			);
			dependencies = (
			);
			name = Ad;
			productName = Ad;
			productReference = B0A6EAA32418B34600D6A7C0 /* Ad.app */;
			productType = "com.apple.product-type.application";
		};
		B0A6EABD2418B34B00D6A7C0 /* AdTests */ = {
			isa = PBXNativeTarget;
			buildConfigurationList = B0A6EAD52418B34B00D6A7C0 /* Build configuration list for PBXNativeTarget "AdTests" */;
			buildPhases = (
				B0A6EABA2418B34B00D6A7C0 /* Sources */,
				B0A6EABB2418B34B00D6A7C0 /* Frameworks */,
				B0A6EABC2418B34B00D6A7C0 /* Resources */,
			);
			buildRules = (
			);
			dependencies = (
				B0A6EAC02418B34B00D6A7C0 /* PBXTargetDependency */,
			);
			name = AdTests;
			productName = AdTests;
			productReference = B0A6EABE2418B34B00D6A7C0 /* AdTests.xctest */;
			productType = "com.apple.product-type.bundle.unit-test";
		};
		B0A6EAC82418B34B00D6A7C0 /* AdUITests */ = {
			isa = PBXNativeTarget;
			buildConfigurationList = B0A6EAD82418B34B00D6A7C0 /* Build configuration list for PBXNativeTarget "AdUITests" */;
			buildPhases = (
				B0A6EAC52418B34B00D6A7C0 /* Sources */,
				B0A6EAC62418B34B00D6A7C0 /* Frameworks */,
				B0A6EAC72418B34B00D6A7C0 /* Resources */,
			);
			buildRules = (
			);
			dependencies = (
				B0A6EACB2418B34B00D6A7C0 /* PBXTargetDependency */,
			);
			name = AdUITests;
			productName = AdUITests;
			productReference = B0A6EAC92418B34B00D6A7C0 /* AdUITests.xctest */;
			productType = "com.apple.product-type.bundle.ui-testing";
		};
/* End PBXNativeTarget section */

/* Begin PBXProject section */
		B0A6EA9B2418B34600D6A7C0 /* Project object */ = {
			isa = PBXProject;
			attributes = {
				LastUpgradeCheck = 1130;
				ORGANIZATIONNAME = heng;
				TargetAttributes = {
					B0A6EAA22418B34600D6A7C0 = {
						CreatedOnToolsVersion = 11.3.1;
					};
					B0A6EABD2418B34B00D6A7C0 = {
						CreatedOnToolsVersion = 11.3.1;
						TestTargetID = B0A6EAA22418B34600D6A7C0;
					};
					B0A6EAC82418B34B00D6A7C0 = {
						CreatedOnToolsVersion = 11.3.1;
						TestTargetID = B0A6EAA22418B34600D6A7C0;
					};
				};
			};
			buildConfigurationList = B0A6EA9E2418B34600D6A7C0 /* Build configuration list for PBXProject "Ad" */;
			compatibilityVersion = "Xcode 9.3";
			developmentRegion = en;
			hasScannedForEncodings = 0;
			knownRegions = (
				en,
				Base,
			);
			mainGroup = B0A6EA9A2418B34600D6A7C0;
			productRefGroup = B0A6EAA42418B34600D6A7C0 /* Products */;
			projectDirPath = "";
			projectRoot = "";
			targets = (
				B0A6EAA22418B34600D6A7C0 /* Ad */,
				B0A6EABD2418B34B00D6A7C0 /* AdTests */,
				B0A6EAC82418B34B00D6A7C0 /* AdUITests */,
			);
		};
/* End PBXProject section */

/* Begin PBXResourcesBuildPhase section */
		B0A6EAA12418B34600D6A7C0 /* Resources */ = {
			isa = PBXResourcesBuildPhase;
			buildActionMask = 2147483647;
			files = (
				B0A6EAB62418B34B00D6A7C0 /* LaunchScreen.storyboard in Resources */,
				B0A6EAB32418B34B00D6A7C0 /* Assets.xcassets in Resources */,
				B0A6EAB12418B34600D6A7C0 /* Main.storyboard in Resources */,
			);
			runOnlyForDeploymentPostprocessing = 0;
		};
		B0A6EABC2418B34B00D6A7C0 /* Resources */ = {
			isa = PBXResourcesBuildPhase;
			buildActionMask = 2147483647;
			files = (
			);
			runOnlyForDeploymentPostprocessing = 0;
		};
		B0A6EAC72418B34B00D6A7C0 /* Resources */ = {
			isa = PBXResourcesBuildPhase;
			buildActionMask = 2147483647;
			files = (
			);
			runOnlyForDeploymentPostprocessing = 0;
		};
/* End PBXResourcesBuildPhase section */

/* Begin PBXSourcesBuildPhase section */
		B0A6EA9F2418B34600D6A7C0 /* Sources */ = {
			isa = PBXSourcesBuildPhase;
			buildActionMask = 2147483647;
			files = (
				B0A6EAAE2418B34600D6A7C0 /* ViewController.m in Sources */,
				B0A6EAA82418B34600D6A7C0 /* AppDelegate.m in Sources */,
				B0A6EAB92418B34B00D6A7C0 /* main.m in Sources */,
				B0A6EAAB2418B34600D6A7C0 /* SceneDelegate.m in Sources */,
			);
			runOnlyForDeploymentPostprocessing = 0;
		};
		B0A6EABA2418B34B00D6A7C0 /* Sources */ = {
			isa = PBXSourcesBuildPhase;
			buildActionMask = 2147483647;
			files = (
				B0A6EAC32418B34B00D6A7C0 /* AdTests.m in Sources */,
			);
			runOnlyForDeploymentPostprocessing = 0;
		};
		B0A6EAC52418B34B00D6A7C0 /* Sources */ = {
			isa = PBXSourcesBuildPhase;
			buildActionMask = 2147483647;
			files = (
				B0A6EACE2418B34B00D6A7C0 /* AdUITests.m in Sources */,
			);
			runOnlyForDeploymentPostprocessing = 0;
		};
/* End PBXSourcesBuildPhase section */

/* Begin PBXTargetDependency section */
		B0A6EAC02418B34B00D6A7C0 /* PBXTargetDependency */ = {
			isa = PBXTargetDependency;
			target = B0A6EAA22418B34600D6A7C0 /* Ad */;
			targetProxy = B0A6EABF2418B34B00D6A7C0 /* PBXContainerItemProxy */;
		};
		B0A6EACB2418B34B00D6A7C0 /* PBXTargetDependency */ = {
			isa = PBXTargetDependency;
			target = B0A6EAA22418B34600D6A7C0 /* Ad */;
			targetProxy = B0A6EACA2418B34B00D6A7C0 /* PBXContainerItemProxy */;
		};
/* End PBXTargetDependency section */

/* Begin PBXVariantGroup section */
		B0A6EAAF2418B34600D6A7C0 /* Main.storyboard */ = {
			isa = PBXVariantGroup;
			children = (
				B0A6EAB02418B34600D6A7C0 /* Base */,
			);
			name = Main.storyboard;
			sourceTree = "<group>";
		};
		B0A6EAB42418B34B00D6A7C0 /* LaunchScreen.storyboard */ = {
			isa = PBXVariantGroup;
			children = (
				B0A6EAB52418B34B00D6A7C0 /* Base */,
			);
			name = LaunchScreen.storyboard;
			sourceTree = "<group>";
		};
/* End PBXVariantGroup section */

/* Begin XCBuildConfiguration section */
		B0A6EAD02418B34B00D6A7C0 /* Debug */ = {
			isa = XCBuildConfiguration;
			buildSettings = {
				ALWAYS_SEARCH_USER_PATHS = NO;
				CLANG_ANALYZER_NONNULL = YES;
				CLANG_ANALYZER_NUMBER_OBJECT_CONVERSION = YES_AGGRESSIVE;
				CLANG_CXX_LANGUAGE_STANDARD = "gnu++14";
				CLANG_CXX_LIBRARY = "libc++";
				CLANG_ENABLE_MODULES = YES;
				CLANG_ENABLE_OBJC_ARC = YES;
				CLANG_ENABLE_OBJC_WEAK = YES;
				CLANG_WARN_BLOCK_CAPTURE_AUTORELEASING = YES;
				CLANG_WARN_BOOL_CONVERSION = YES;
				CLANG_WARN_COMMA = YES;
				CLANG_WARN_CONSTANT_CONVERSION = YES;
				CLANG_WARN_DEPRECATED_OBJC_IMPLEMENTATIONS = YES;
				CLANG_WARN_DIRECT_OBJC_ISA_USAGE = YES_ERROR;
				CLANG_WARN_DOCUMENTATION_COMMENTS = YES;
				CLANG_WARN_EMPTY_BODY = YES;
				CLANG_WARN_ENUM_CONVERSION = YES;
				CLANG_WARN_INFINITE_RECURSION = YES;
				CLANG_WARN_INT_CONVERSION = YES;
				CLANG_WARN_NON_LITERAL_NULL_CONVERSION = YES;
				CLANG_WARN_OBJC_IMPLICIT_RETAIN_SELF = YES;
				CLANG_WARN_OBJC_LITERAL_CONVERSION = YES;
				CLANG_WARN_OBJC_ROOT_CLASS = YES_ERROR;
				CLANG_WARN_RANGE_LOOP_ANALYSIS = YES;
				CLANG_WARN_STRICT_PROTOTYPES = YES;
				CLANG_WARN_SUSPICIOUS_MOVE = YES;
				CLANG_WARN_UNGUARDED_AVAILABILITY = YES_AGGRESSIVE;
				CLANG_WARN_UNREACHABLE_CODE = YES;
				CLANG_WARN__DUPLICATE_METHOD_MATCH = YES;
				COPY_PHASE_STRIP = NO;
				DEBUG_INFORMATION_FORMAT = dwarf;
				ENABLE_STRICT_OBJC_MSGSEND = YES;
				ENABLE_TESTABILITY = YES;
				GCC_C_LANGUAGE_STANDARD = gnu11;
				GCC_DYNAMIC_NO_PIC = NO;
				GCC_NO_COMMON_BLOCKS = YES;
				GCC_OPTIMIZATION_LEVEL = 0;
				GCC_PREPROCESSOR_DEFINITIONS = (
					"DEBUG=1",
					"$(inherited)",
				);
				GCC_WARN_64_TO_32_BIT_CONVERSION = YES;
				GCC_WARN_ABOUT_RETURN_TYPE = YES_ERROR;
				GCC_WARN_UNDECLARED_SELECTOR = YES;
				GCC_WARN_UNINITIALIZED_AUTOS = YES_AGGRESSIVE;
				GCC_WARN_UNUSED_FUNCTION = YES;
				GCC_WARN_UNUSED_VARIABLE = YES;
				IPHONEOS_DEPLOYMENT_TARGET = 13.2;
				MTL_ENABLE_DEBUG_INFO = INCLUDE_SOURCE;
				MTL_FAST_MATH = YES;
				ONLY_ACTIVE_ARCH = YES;
				SDKROOT = iphoneos;
			};
			name = Debug;
		};
		B0A6EAD12418B34B00D6A7C0 /* Release */ = {
			isa = XCBuildConfiguration;
			buildSettings = {
				ALWAYS_SEARCH_USER_PATHS = NO;
				CLANG_ANALYZER_NONNULL = YES;
				CLANG_ANALYZER_NUMBER_OBJECT_CONVERSION = YES_AGGRESSIVE;
				CLANG_CXX_LANGUAGE_STANDARD = "gnu++14";
				CLANG_CXX_LIBRARY = "libc++";
				CLANG_ENABLE_MODULES = YES;
				CLANG_ENABLE_OBJC_ARC = YES;
				CLANG_ENABLE_OBJC_WEAK = YES;
				CLANG_WARN_BLOCK_CAPTURE_AUTORELEASING = YES;
				CLANG_WARN_BOOL_CONVERSION = YES;
				CLANG_WARN_COMMA = YES;
				CLANG_WARN_CONSTANT_CONVERSION = YES;
				CLANG_WARN_DEPRECATED_OBJC_IMPLEMENTATIONS = YES;
				CLANG_WARN_DIRECT_OBJC_ISA_USAGE = YES_ERROR;
				CLANG_WARN_DOCUMENTATION_COMMENTS = YES;
				CLANG_WARN_EMPTY_BODY = YES;
				CLANG_WARN_ENUM_CONVERSION = YES;
				CLANG_WARN_INFINITE_RECURSION = YES;
				CLANG_WARN_INT_CONVERSION = YES;
				CLANG_WARN_NON_LITERAL_NULL_CONVERSION = YES;
				CLANG_WARN_OBJC_IMPLICIT_RETAIN_SELF = YES;
				CLANG_WARN_OBJC_LITERAL_CONVERSION = YES;
				CLANG_WARN_OBJC_ROOT_CLASS = YES_ERROR;
				CLANG_WARN_RANGE_LOOP_ANALYSIS = YES;
				CLANG_WARN_STRICT_PROTOTYPES = YES;
				CLANG_WARN_SUSPICIOUS_MOVE = YES;
				CLANG_WARN_UNGUARDED_AVAILABILITY = YES_AGGRESSIVE;
				CLANG_WARN_UNREACHABLE_CODE = YES;
				CLANG_WARN__DUPLICATE_METHOD_MATCH = YES;
				COPY_PHASE_STRIP = NO;
				DEBUG_INFORMATION_FORMAT = "dwarf-with-dsym";
				ENABLE_NS_ASSERTIONS = NO;
				ENABLE_STRICT_OBJC_MSGSEND = YES;
				GCC_C_LANGUAGE_STANDARD = gnu11;
				GCC_NO_COMMON_BLOCKS = YES;
				GCC_WARN_64_TO_32_BIT_CONVERSION = YES;
				GCC_WARN_ABOUT_RETURN_TYPE = YES_ERROR;
				GCC_WARN_UNDECLARED_SELECTOR = YES;
				GCC_WARN_UNINITIALIZED_AUTOS = YES_AGGRESSIVE;
				GCC_WARN_UNUSED_FUNCTION = YES;
				GCC_WARN_UNUSED_VARIABLE = YES;
				IPHONEOS_DEPLOYMENT_TARGET = 13.2;
				MTL_ENABLE_DEBUG_INFO = NO;
				MTL_FAST_MATH = YES;
				SDKROOT = iphoneos;
				VALIDATE_PRODUCT = YES;
			};
			name = Release;
		};
		B0A6EAD32418B34B00D6A7C0 /* Debug */ = {
			isa = XCBuildConfiguration;
			buildSettings = {
				ASSETCATALOG_COMPILER_APPICON_NAME = AppIcon;
				CODE_SIGN_STYLE = Automatic;
				INFOPLIST_FILE = Ad/Info.plist;
				LD_RUNPATH_SEARCH_PATHS = (
					"$(inherited)",
					"@executable_path/Frameworks",
				);
				PRODUCT_BUNDLE_IDENTIFIER = com.Ad;
				PRODUCT_NAME = "$(TARGET_NAME)";
				TARGETED_DEVICE_FAMILY = "1,2";
			};
			name = Debug;
		};
		B0A6EAD42418B34B00D6A7C0 /* Release */ = {
			isa = XCBuildConfiguration;
			buildSettings = {
				ASSETCATALOG_COMPILER_APPICON_NAME = AppIcon;
				CODE_SIGN_STYLE = Automatic;
				INFOPLIST_FILE = Ad/Info.plist;
				LD_RUNPATH_SEARCH_PATHS = (
					"$(inherited)",
					"@executable_path/Frameworks",
				);
				PRODUCT_BUNDLE_IDENTIFIER = com.Ad;
				PRODUCT_NAME = "$(TARGET_NAME)";
				TARGETED_DEVICE_FAMILY = "1,2";
			};
			name = Release;
		};
		B0A6EAD62418B34B00D6A7C0 /* Debug */ = {
			isa = XCBuildConfiguration;
			buildSettings = {
				BUNDLE_LOADER = "$(TEST_HOST)";
				CODE_SIGN_STYLE = Automatic;
				INFOPLIST_FILE = AdTests/Info.plist;
				IPHONEOS_DEPLOYMENT_TARGET = 13.2;
				LD_RUNPATH_SEARCH_PATHS = (
					"$(inherited)",
					"@executable_path/Frameworks",
					"@loader_path/Frameworks",
				);
				PRODUCT_BUNDLE_IDENTIFIER = com.AdTests;
				PRODUCT_NAME = "$(TARGET_NAME)";
				TARGETED_DEVICE_FAMILY = "1,2";
				TEST_HOST = "$(BUILT_PRODUCTS_DIR)/Ad.app/Ad";
			};
			name = Debug;
		};
		B0A6EAD72418B34B00D6A7C0 /* Release */ = {
			isa = XCBuildConfiguration;
			buildSettings = {
				BUNDLE_LOADER = "$(TEST_HOST)";
				CODE_SIGN_STYLE = Automatic;
				INFOPLIST_FILE = AdTests/Info.plist;
				IPHONEOS_DEPLOYMENT_TARGET = 13.2;
				LD_RUNPATH_SEARCH_PATHS = (
					"$(inherited)",
					"@executable_path/Frameworks",
					"@loader_path/Frameworks",
				);
				PRODUCT_BUNDLE_IDENTIFIER = com.AdTests;
				PRODUCT_NAME = "$(TARGET_NAME)";
				TARGETED_DEVICE_FAMILY = "1,2";
				TEST_HOST = "$(BUILT_PRODUCTS_DIR)/Ad.app/Ad";
			};
			name = Release;
		};
		B0A6EAD92418B34B00D6A7C0 /* Debug */ = {
			isa = XCBuildConfiguration;
			buildSettings = {
				CODE_SIGN_STYLE = Automatic;
				INFOPLIST_FILE = AdUITests/Info.plist;
				LD_RUNPATH_SEARCH_PATHS = (
					"$(inherited)",
					"@executable_path/Frameworks",
					"@loader_path/Frameworks",
				);
				PRODUCT_BUNDLE_IDENTIFIER = com.AdUITests;
				PRODUCT_NAME = "$(TARGET_NAME)";
				TARGETED_DEVICE_FAMILY = "1,2";
				TEST_TARGET_NAME = Ad;
			};
			name = Debug;
		};
		B0A6EADA2418B34B00D6A7C0 /* Release */ = {
			isa = XCBuildConfiguration;
			buildSettings = {
				CODE_SIGN_STYLE = Automatic;
				INFOPLIST_FILE = AdUITests/Info.plist;
				LD_RUNPATH_SEARCH_PATHS = (
					"$(inherited)",
					"@executable_path/Frameworks",
					"@loader_path/Frameworks",
				);
				PRODUCT_BUNDLE_IDENTIFIER = com.AdUITests;
				PRODUCT_NAME = "$(TARGET_NAME)";
				TARGETED_DEVICE_FAMILY = "1,2";
				TEST_TARGET_NAME = Ad;
			};
			name = Release;
		};
/* End XCBuildConfiguration section */

/* Begin XCConfigurationList section */
		B0A6EA9E2418B34600D6A7C0 /* Build configuration list for PBXProject "Ad" */ = {
			isa = XCConfigurationList;
			buildConfigurations = (
				B0A6EAD02418B34B00D6A7C0 /* Debug */,
				B0A6EAD12418B34B00D6A7C0 /* Release */,
			);
			defaultConfigurationIsVisible = 0;
			defaultConfigurationName = Release;
		};
		B0A6EAD22418B34B00D6A7C0 /* Build configuration list for PBXNativeTarget "Ad" */ = {
			isa = XCConfigurationList;
			buildConfigurations = (
				B0A6EAD32418B34B00D6A7C0 /* Debug */,
				B0A6EAD42418B34B00D6A7C0 /* Release */,
			);
			defaultConfigurationIsVisible = 0;
			defaultConfigurationName = Release;
		};
		B0A6EAD52418B34B00D6A7C0 /* Build configuration list for PBXNativeTarget "AdTests" */ = {
			isa = XCConfigurationList;
			buildConfigurations = (
				B0A6EAD62418B34B00D6A7C0 /* Debug */,
				B0A6EAD72418B34B00D6A7C0 /* Release */,
			);
			defaultConfigurationIsVisible = 0;
			defaultConfigurationName = Release;
		};
		B0A6EAD82418B34B00D6A7C0 /* Build configuration list for PBXNativeTarget "AdUITests" */ = {
			isa = XCConfigurationList;
			buildConfigurations = (
				B0A6EAD92418B34B00D6A7C0 /* Debug */,
				B0A6EADA2418B34B00D6A7C0 /* Release */,
			);
			defaultConfigurationIsVisible = 0;
			defaultConfigurationName = Release;
		};
/* End XCConfigurationList section */
	};
	rootObject = B0A6EA9B2418B34600D6A7C0 /* Project object */;
}
